
Microsoft Visual Studio Solution File, Format Version 12.00
# Visual Studio Version 17
VisualStudioVersion = 17.5.33627.172
MinimumVisualStudioVersion = 10.0.40219.1
Project("{FAE04EC0-301F-11D3-BF4B-00C04F79EFBC}") = "prayer_timing_app", "prayer_timing_app.csproj", "{C078FF0E-2E8F-48C0-82B3-054547497FF0}"
EndProject
Global
	GlobalSection(SolutionConfigurationPlatforms) = preSolution
		Debug|Any CPU = Debug|Any CPU
		Release|Any CPU = Release|Any CPU
	EndGlobalSection
	GlobalSection(ProjectConfigurationPlatforms) = postSolution
		{C078FF0E-2E8F-48C0-82B3-054547497FF0}.Debug|Any CPU.ActiveCfg = Debug|Any CPU
		{C078FF0E-2E8F-48C0-82B3-054547497FF0}.Debug|Any CPU.Build.0 = Debug|Any CPU
		{C078FF0E-2E8F-48C0-82B3-054547497FF0}.Release|Any CPU.ActiveCfg = Release|Any CPU
		{C078FF0E-2E8F-48C0-82B3-054547497FF0}.Release|Any CPU.Build.0 = Release|Any CPU
	EndGlobalSection
	GlobalSection(SolutionProperties) = preSolution
		HideSolutionNode = FALSE
	EndGlobalSection
	GlobalSection(ExtensibilityGlobals) = postSolution
		SolutionGuid = {FF719FA4-06F7-4690-B512-1686FFB454BE}
	EndGlobalSection
EndGlobal
